
Microsoft Visual Studio Solution File, Format Version 12.00
# Visual Studio Version 17
VisualStudioVersion = 17.7.34031.279
MinimumVisualStudioVersion = 10.0.40219.1
Project("{F184B08F-C81C-45F6-A57F-5ABD9991F28F}") = "VBASTray", "VBASTray.vbproj", "{1ADE2553-8EF1-42CF-8D0A-149D9C40AF7C}"
EndProject
Global
	GlobalSection(SolutionConfigurationPlatforms) = preSolution
		Debug|Any CPU = Debug|Any CPU
		Release|Any CPU = Release|Any CPU
	EndGlobalSection
	GlobalSection(ProjectConfigurationPlatforms) = postSolution
		{1ADE2553-8EF1-42CF-8D0A-149D9C40AF7C}.Debug|Any CPU.ActiveCfg = Debug|Any CPU
		{1ADE2553-8EF1-42CF-8D0A-149D9C40AF7C}.Debug|Any CPU.Build.0 = Debug|Any CPU
		{1ADE2553-8EF1-42CF-8D0A-149D9C40AF7C}.Release|Any CPU.ActiveCfg = Release|Any CPU
		{1ADE2553-8EF1-42CF-8D0A-149D9C40AF7C}.Release|Any CPU.Build.0 = Release|Any CPU
	EndGlobalSection
	GlobalSection(SolutionProperties) = preSolution
		HideSolutionNode = FALSE
	EndGlobalSection
	GlobalSection(ExtensibilityGlobals) = postSolution
		SolutionGuid = {8B88CCAD-F8F7-4C77-883C-A2E2A49A307A}
	EndGlobalSection
EndGlobal
